{
  "name": "fipguide.github.io",
  "version": "1.0.0",
  "lockfileVersion": 3,
  "requires": true,
  "packages": {
    "": {
      "name": "fipguide.github.io",
      "version": "1.0.0",
      "license": "ISC",
      "dependencies": {
        "@fontsource/material-symbols-rounded": "^5.2.26",
        "@fontsource/roboto": "^5.2.8",
        "@fontsource/sansita": "^5.2.8",
        "@panzoom/panzoom": "^4.6.0",
        "pagefind": "^1.4.0"
      },
      "devDependencies": {
        "prettier": "^3.6.2",
        "prettier-plugin-go-template": "^0.0.15"
      }
    },
    "node_modules/@fontsource/material-symbols-rounded": {
      "version": "5.2.26",
      "resolved": "https://registry.npmjs.org/@fontsource/material-symbols-rounded/-/material-symbols-rounded-5.2.26.tgz",
      "integrity": "sha512-uvafxIB7sAzXhhwpZHAaugvgULhfA+wyzPomU2CyI+xzNMfyR/42QOKlEQkac+/0alRlczMI1f9o07CtN3a9dw==",
      "license": "OFL-1.1",
      "funding": {
        "url": "https://github.com/sponsors/ayuhito"
      }
    },
    "node_modules/@fontsource/roboto": {
      "version": "5.2.8",
      "resolved": "https://registry.npmjs.org/@fontsource/roboto/-/roboto-5.2.8.tgz",
      "integrity": "sha512-oh9g4Cg3loVMz9MWeKWfDI+ooxxG1aRVetkiKIb2ESS2rrryGecQ/y4pAj4z5A5ebyw450dYRi/c4k/I3UBhHA==",
      "license": "OFL-1.1",
      "funding": {
        "url": "https://github.com/sponsors/ayuhito"
      }
    },
    "node_modules/@fontsource/sansita": {
      "version": "5.2.8",
      "resolved": "https://registry.npmjs.org/@fontsource/sansita/-/sansita-5.2.8.tgz",
      "integrity": "sha512-VYOqZWW7ySlkPyerhlu76yFUhbOCkrNhm4nRX0b+3PajgnFBwOJSxEwV/Hq9yPRRWs/nXSt6hXsTrOvfF+Y97g==",
      "license": "OFL-1.1",
      "funding": {
        "url": "https://github.com/sponsors/ayuhito"
      }
    },
    "node_modules/@pagefind/darwin-arm64": {
      "version": "1.4.0",
      "resolved": "https://registry.npmjs.org/@pagefind/darwin-arm64/-/darwin-arm64-1.4.0.tgz",
      "integrity": "sha512-2vMqkbv3lbx1Awea90gTaBsvpzgRs7MuSgKDxW0m9oV1GPZCZbZBJg/qL83GIUEN2BFlY46dtUZi54pwH+/pTQ==",
      "cpu": [
        "arm64"
      ],
      "license": "MIT",
      "optional": true,
      "os": [
        "darwin"
      ]
    },
    "node_modules/@pagefind/darwin-x64": {
      "version": "1.4.0",
      "resolved": "https://registry.npmjs.org/@pagefind/darwin-x64/-/darwin-x64-1.4.0.tgz",
      "integrity": "sha512-e7JPIS6L9/cJfow+/IAqknsGqEPjJnVXGjpGm25bnq+NPdoD3c/7fAwr1OXkG4Ocjx6ZGSCijXEV4ryMcH2E3A==",
      "cpu": [
        "x64"
      ],
      "license": "MIT",
      "optional": true,
      "os": [
        "darwin"
      ]
    },
    "node_modules/@pagefind/freebsd-x64": {
      "version": "1.4.0",
      "resolved": "https://registry.npmjs.org/@pagefind/freebsd-x64/-/freebsd-x64-1.4.0.tgz",
      "integrity": "sha512-WcJVypXSZ+9HpiqZjFXMUobfFfZZ6NzIYtkhQ9eOhZrQpeY5uQFqNWLCk7w9RkMUwBv1HAMDW3YJQl/8OqsV0Q==",
      "cpu": [
        "x64"
      ],
      "license": "MIT",
      "optional": true,
      "os": [
        "freebsd"
      ]
    },
    "node_modules/@pagefind/linux-arm64": {
      "version": "1.4.0",
      "resolved": "https://registry.npmjs.org/@pagefind/linux-arm64/-/linux-arm64-1.4.0.tgz",
      "integrity": "sha512-PIt8dkqt4W06KGmQjONw7EZbhDF+uXI7i0XtRLN1vjCUxM9vGPdtJc2mUyVPevjomrGz5M86M8bqTr6cgDp1Uw==",
      "cpu": [
        "arm64"
      ],
      "license": "MIT",
      "optional": true,
      "os": [
        "linux"
      ]
    },
    "node_modules/@pagefind/linux-x64": {
      "version": "1.4.0",
      "resolved": "https://registry.npmjs.org/@pagefind/linux-x64/-/linux-x64-1.4.0.tgz",
      "integrity": "sha512-z4oddcWwQ0UHrTHR8psLnVlz6USGJ/eOlDPTDYZ4cI8TK8PgwRUPQZp9D2iJPNIPcS6Qx/E4TebjuGJOyK8Mmg==",
      "cpu": [
        "x64"
      ],
      "license": "MIT",
      "optional": true,
      "os": [
        "linux"
      ]
    },
    "node_modules/@pagefind/windows-x64": {
      "version": "1.4.0",
      "resolved": "https://registry.npmjs.org/@pagefind/windows-x64/-/windows-x64-1.4.0.tgz",
      "integrity": "sha512-NkT+YAdgS2FPCn8mIA9bQhiBs+xmniMGq1LFPDhcFn0+2yIUEiIG06t7bsZlhdjknEQRTSdT7YitP6fC5qwP0g==",
      "cpu": [
        "x64"
      ],
      "license": "MIT",
      "optional": true,
      "os": [
        "win32"
      ]
    },
    "node_modules/@panzoom/panzoom": {
      "version": "4.6.0",
      "resolved": "https://registry.npmjs.org/@panzoom/panzoom/-/panzoom-4.6.0.tgz",
      "integrity": "sha512-3KxkY1lNKFn98fW5ZFR6vV0YzsXj3I4EQDyFWSXME6/cic86eSS7VjuqIjrA3PEpySo0r5fFtlX8eYCt4JPUFQ==",
      "license": "MIT"
    },
    "node_modules/pagefind": {
      "version": "1.4.0",
      "resolved": "https://registry.npmjs.org/pagefind/-/pagefind-1.4.0.tgz",
      "integrity": "sha512-z2kY1mQlL4J8q5EIsQkLzQjilovKzfNVhX8De6oyE6uHpfFtyBaqUpcl/XzJC/4fjD8vBDyh1zolimIcVrCn9g==",
      "license": "MIT",
      "bin": {
        "pagefind": "lib/runner/bin.cjs"
      },
      "optionalDependencies": {
        "@pagefind/darwin-arm64": "1.4.0",
        "@pagefind/darwin-x64": "1.4.0",
        "@pagefind/freebsd-x64": "1.4.0",
        "@pagefind/linux-arm64": "1.4.0",
        "@pagefind/linux-x64": "1.4.0",
        "@pagefind/windows-x64": "1.4.0"
      }
    },
    "node_modules/prettier": {
      "version": "3.6.2",
      "resolved": "https://registry.npmjs.org/prettier/-/prettier-3.6.2.tgz",
      "integrity": "sha512-I7AIg5boAr5R0FFtJ6rCfD+LFsWHp81dolrFD8S79U9tb8Az2nGrJncnMSnys+bpQJfRUzqs9hnA81OAA3hCuQ==",
      "dev": true,
      "license": "MIT",
      "peer": true,
      "bin": {
        "prettier": "bin/prettier.cjs"
      },
      "engines": {
        "node": ">=14"
      },
      "funding": {
        "url": "https://github.com/prettier/prettier?sponsor=1"
      }
    },
    "node_modules/prettier-plugin-go-template": {
      "version": "0.0.15",
      "resolved": "https://registry.npmjs.org/prettier-plugin-go-template/-/prettier-plugin-go-template-0.0.15.tgz",
      "integrity": "sha512-WqU92E1NokWYNZ9mLE6ijoRg6LtIGdLMePt2C7UBDjXeDH9okcRI3zRqtnWR4s5AloiqyvZ66jNBAa9tmRY5EQ==",
      "dev": true,
      "license": "MIT",
      "dependencies": {
        "ulid": "^2.3.0"
      },
      "engines": {
        "node": ">=14.0.0"
      },
      "peerDependencies": {
        "prettier": "^3.0.0"
      }
    },
    "node_modules/ulid": {
      "version": "2.4.0",
      "resolved": "https://registry.npmjs.org/ulid/-/ulid-2.4.0.tgz",
      "integrity": "sha512-fIRiVTJNcSRmXKPZtGzFQv9WRrZ3M9eoptl/teFJvjOzmpU+/K/JH6HZ8deBfb5vMEpicJcLn7JmvdknlMq7Zg==",
      "dev": true,
      "license": "MIT",
      "bin": {
        "ulid": "bin/cli.js"
      }
    }
  }
}
